
Microsoft Visual Studio Solution File, Format Version 12.00
# Visual Studio Version 16
VisualStudioVersion = 16.0.31205.134
MinimumVisualStudioVersion = 15.0.26124.0
Project("{9A19103F-16F7-4668-BE54-9A1E7A4F7556}") = "DDDTraining.ShoppingCart.Models", "DDDTraining.ShoppingCart.Models\DDDTraining.ShoppingCart.Models.csproj", "{F91ECDE1-523F-4018-BF33-5B80CA1F07A4}"
EndProject
Project("{9A19103F-16F7-4668-BE54-9A1E7A4F7556}") = "DDDTraining.ShoppingCart.Services", "DDDTraining.ShoppingCart.Services\DDDTraining.ShoppingCart.Services.csproj", "{9FCB46F5-6DF7-45C6-84D0-3EAAAAB2543C}"
EndProject
Project("{9A19103F-16F7-4668-BE54-9A1E7A4F7556}") = "DDDTraining.ECommerce.SharedModels", "..\framework\DDDTraining.ECommerce.SharedModels\DDDTraining.ECommerce.SharedModels.csproj", "{386DA1CF-BCA1-4B87-9932-54B23B136B4B}"
EndProject
Global
	GlobalSection(SolutionConfigurationPlatforms) = preSolution
		Debug|Any CPU = Debug|Any CPU
		Release|Any CPU = Release|Any CPU
	EndGlobalSection
	GlobalSection(ProjectConfigurationPlatforms) = postSolution
		{F91ECDE1-523F-4018-BF33-5B80CA1F07A4}.Debug|Any CPU.ActiveCfg = Debug|Any CPU
		{F91ECDE1-523F-4018-BF33-5B80CA1F07A4}.Debug|Any CPU.Build.0 = Debug|Any CPU
		{F91ECDE1-523F-4018-BF33-5B80CA1F07A4}.Release|Any CPU.ActiveCfg = Release|Any CPU
		{F91ECDE1-523F-4018-BF33-5B80CA1F07A4}.Release|Any CPU.Build.0 = Release|Any CPU
		{9FCB46F5-6DF7-45C6-84D0-3EAAAAB2543C}.Debug|Any CPU.ActiveCfg = Debug|Any CPU
		{9FCB46F5-6DF7-45C6-84D0-3EAAAAB2543C}.Debug|Any CPU.Build.0 = Debug|Any CPU
		{9FCB46F5-6DF7-45C6-84D0-3EAAAAB2543C}.Release|Any CPU.ActiveCfg = Release|Any CPU
		{9FCB46F5-6DF7-45C6-84D0-3EAAAAB2543C}.Release|Any CPU.Build.0 = Release|Any CPU
		{386DA1CF-BCA1-4B87-9932-54B23B136B4B}.Debug|Any CPU.ActiveCfg = Debug|Any CPU
		{386DA1CF-BCA1-4B87-9932-54B23B136B4B}.Debug|Any CPU.Build.0 = Debug|Any CPU
		{386DA1CF-BCA1-4B87-9932-54B23B136B4B}.Release|Any CPU.ActiveCfg = Release|Any CPU
		{386DA1CF-BCA1-4B87-9932-54B23B136B4B}.Release|Any CPU.Build.0 = Release|Any CPU
	EndGlobalSection
	GlobalSection(SolutionProperties) = preSolution
		HideSolutionNode = FALSE
	EndGlobalSection
	GlobalSection(ExtensibilityGlobals) = postSolution
		SolutionGuid = {399E5FEA-8A08-4CAE-B45D-F92AEB837A94}
	EndGlobalSection
EndGlobal
