
Microsoft Visual Studio Solution File, Format Version 12.00
# Visual Studio Version 16
VisualStudioVersion = 16.6.30114.105
MinimumVisualStudioVersion = 10.0.40219.1
Project("{9A19103F-16F7-4668-BE54-9A1E7A4F7556}") = "DDDTraining.PaymentGateway.Models", "DDDTraining.PaymentGateway.Models\DDDTraining.PaymentGateway.Models.csproj", "{4FCBD579-2C5A-4642-9026-2718EDE37E96}"
EndProject
Project("{9A19103F-16F7-4668-BE54-9A1E7A4F7556}") = "DDDTraining.PaymentGateway.Services", "DDDTraining.PaymentGateway.Services\DDDTraining.PaymentGateway.Services.csproj", "{B58F98B8-553D-4B8A-A59F-FAE4D197156B}"
EndProject
Project("{9A19103F-16F7-4668-BE54-9A1E7A4F7556}") = "DDDTraining.PaymentGateway.BackEnd.APIs", "DDDTraining.PaymentGateway.BackEnd.APIs\DDDTraining.PaymentGateway.BackEnd.APIs.csproj", "{465B4299-F968-410A-8B8A-BF4CF01A33D4}"
EndProject
Project("{9A19103F-16F7-4668-BE54-9A1E7A4F7556}") = "DDDTraining.ECommerce.SharedModels", "..\framework\DDDTraining.ECommerce.SharedModels\DDDTraining.ECommerce.SharedModels.csproj", "{19F9636E-6334-4ED5-A66B-5B7B4ABE0E92}"
EndProject
Global
	GlobalSection(SolutionConfigurationPlatforms) = preSolution
		Debug|Any CPU = Debug|Any CPU
		Debug|x64 = Debug|x64
		Debug|x86 = Debug|x86
		Release|Any CPU = Release|Any CPU
		Release|x64 = Release|x64
		Release|x86 = Release|x86
	EndGlobalSection
	GlobalSection(ProjectConfigurationPlatforms) = postSolution
		{4FCBD579-2C5A-4642-9026-2718EDE37E96}.Debug|Any CPU.ActiveCfg = Debug|Any CPU
		{4FCBD579-2C5A-4642-9026-2718EDE37E96}.Debug|Any CPU.Build.0 = Debug|Any CPU
		{4FCBD579-2C5A-4642-9026-2718EDE37E96}.Debug|x64.ActiveCfg = Debug|Any CPU
		{4FCBD579-2C5A-4642-9026-2718EDE37E96}.Debug|x64.Build.0 = Debug|Any CPU
		{4FCBD579-2C5A-4642-9026-2718EDE37E96}.Debug|x86.ActiveCfg = Debug|Any CPU
		{4FCBD579-2C5A-4642-9026-2718EDE37E96}.Debug|x86.Build.0 = Debug|Any CPU
		{4FCBD579-2C5A-4642-9026-2718EDE37E96}.Release|Any CPU.ActiveCfg = Release|Any CPU
		{4FCBD579-2C5A-4642-9026-2718EDE37E96}.Release|Any CPU.Build.0 = Release|Any CPU
		{4FCBD579-2C5A-4642-9026-2718EDE37E96}.Release|x64.ActiveCfg = Release|Any CPU
		{4FCBD579-2C5A-4642-9026-2718EDE37E96}.Release|x64.Build.0 = Release|Any CPU
		{4FCBD579-2C5A-4642-9026-2718EDE37E96}.Release|x86.ActiveCfg = Release|Any CPU
		{4FCBD579-2C5A-4642-9026-2718EDE37E96}.Release|x86.Build.0 = Release|Any CPU
		{B58F98B8-553D-4B8A-A59F-FAE4D197156B}.Debug|Any CPU.ActiveCfg = Debug|Any CPU
		{B58F98B8-553D-4B8A-A59F-FAE4D197156B}.Debug|Any CPU.Build.0 = Debug|Any CPU
		{B58F98B8-553D-4B8A-A59F-FAE4D197156B}.Debug|x64.ActiveCfg = Debug|Any CPU
		{B58F98B8-553D-4B8A-A59F-FAE4D197156B}.Debug|x64.Build.0 = Debug|Any CPU
		{B58F98B8-553D-4B8A-A59F-FAE4D197156B}.Debug|x86.ActiveCfg = Debug|Any CPU
		{B58F98B8-553D-4B8A-A59F-FAE4D197156B}.Debug|x86.Build.0 = Debug|Any CPU
		{B58F98B8-553D-4B8A-A59F-FAE4D197156B}.Release|Any CPU.ActiveCfg = Release|Any CPU
		{B58F98B8-553D-4B8A-A59F-FAE4D197156B}.Release|Any CPU.Build.0 = Release|Any CPU
		{B58F98B8-553D-4B8A-A59F-FAE4D197156B}.Release|x64.ActiveCfg = Release|Any CPU
		{B58F98B8-553D-4B8A-A59F-FAE4D197156B}.Release|x64.Build.0 = Release|Any CPU
		{B58F98B8-553D-4B8A-A59F-FAE4D197156B}.Release|x86.ActiveCfg = Release|Any CPU
		{B58F98B8-553D-4B8A-A59F-FAE4D197156B}.Release|x86.Build.0 = Release|Any CPU
		{465B4299-F968-410A-8B8A-BF4CF01A33D4}.Debug|Any CPU.ActiveCfg = Debug|Any CPU
		{465B4299-F968-410A-8B8A-BF4CF01A33D4}.Debug|Any CPU.Build.0 = Debug|Any CPU
		{465B4299-F968-410A-8B8A-BF4CF01A33D4}.Debug|x64.ActiveCfg = Debug|Any CPU
		{465B4299-F968-410A-8B8A-BF4CF01A33D4}.Debug|x64.Build.0 = Debug|Any CPU
		{465B4299-F968-410A-8B8A-BF4CF01A33D4}.Debug|x86.ActiveCfg = Debug|Any CPU
		{465B4299-F968-410A-8B8A-BF4CF01A33D4}.Debug|x86.Build.0 = Debug|Any CPU
		{465B4299-F968-410A-8B8A-BF4CF01A33D4}.Release|Any CPU.ActiveCfg = Release|Any CPU
		{465B4299-F968-410A-8B8A-BF4CF01A33D4}.Release|Any CPU.Build.0 = Release|Any CPU
		{465B4299-F968-410A-8B8A-BF4CF01A33D4}.Release|x64.ActiveCfg = Release|Any CPU
		{465B4299-F968-410A-8B8A-BF4CF01A33D4}.Release|x64.Build.0 = Release|Any CPU
		{465B4299-F968-410A-8B8A-BF4CF01A33D4}.Release|x86.ActiveCfg = Release|Any CPU
		{465B4299-F968-410A-8B8A-BF4CF01A33D4}.Release|x86.Build.0 = Release|Any CPU
		{19F9636E-6334-4ED5-A66B-5B7B4ABE0E92}.Debug|Any CPU.ActiveCfg = Debug|Any CPU
		{19F9636E-6334-4ED5-A66B-5B7B4ABE0E92}.Debug|Any CPU.Build.0 = Debug|Any CPU
		{19F9636E-6334-4ED5-A66B-5B7B4ABE0E92}.Debug|x64.ActiveCfg = Debug|Any CPU
		{19F9636E-6334-4ED5-A66B-5B7B4ABE0E92}.Debug|x64.Build.0 = Debug|Any CPU
		{19F9636E-6334-4ED5-A66B-5B7B4ABE0E92}.Debug|x86.ActiveCfg = Debug|Any CPU
		{19F9636E-6334-4ED5-A66B-5B7B4ABE0E92}.Debug|x86.Build.0 = Debug|Any CPU
		{19F9636E-6334-4ED5-A66B-5B7B4ABE0E92}.Release|Any CPU.ActiveCfg = Release|Any CPU
		{19F9636E-6334-4ED5-A66B-5B7B4ABE0E92}.Release|Any CPU.Build.0 = Release|Any CPU
		{19F9636E-6334-4ED5-A66B-5B7B4ABE0E92}.Release|x64.ActiveCfg = Release|Any CPU
		{19F9636E-6334-4ED5-A66B-5B7B4ABE0E92}.Release|x64.Build.0 = Release|Any CPU
		{19F9636E-6334-4ED5-A66B-5B7B4ABE0E92}.Release|x86.ActiveCfg = Release|Any CPU
		{19F9636E-6334-4ED5-A66B-5B7B4ABE0E92}.Release|x86.Build.0 = Release|Any CPU
	EndGlobalSection
	GlobalSection(SolutionProperties) = preSolution
		HideSolutionNode = FALSE
	EndGlobalSection
	GlobalSection(ExtensibilityGlobals) = postSolution
		SolutionGuid = {BE1BBFD0-1738-4C8C-999A-4491AE6DD84E}
	EndGlobalSection
EndGlobal
